
Microsoft Visual Studio Solution File, Format Version 12.00
# Visual Studio Version 17
VisualStudioVersion = 17.7.34031.279
MinimumVisualStudioVersion = 10.0.40219.1
Project("{FAE04EC0-301F-11D3-BF4B-00C04F79EFBC}") = "WebApplication1", "WebApplication1\WebApplication1.csproj", "{B041A6C4-C7BF-4E8E-9248-41A63AE2D1A7}"
EndProject
Global
	GlobalSection(SolutionConfigurationPlatforms) = preSolution
		Debug|Any CPU = Debug|Any CPU
		Release|Any CPU = Release|Any CPU
	EndGlobalSection
	GlobalSection(ProjectConfigurationPlatforms) = postSolution
		{B041A6C4-C7BF-4E8E-9248-41A63AE2D1A7}.Debug|Any CPU.ActiveCfg = Debug|Any CPU
		{B041A6C4-C7BF-4E8E-9248-41A63AE2D1A7}.Debug|Any CPU.Build.0 = Debug|Any CPU
		{B041A6C4-C7BF-4E8E-9248-41A63AE2D1A7}.Release|Any CPU.ActiveCfg = Release|Any CPU
		{B041A6C4-C7BF-4E8E-9248-41A63AE2D1A7}.Release|Any CPU.Build.0 = Release|Any CPU
	EndGlobalSection
	GlobalSection(SolutionProperties) = preSolution
		HideSolutionNode = FALSE
	EndGlobalSection
	GlobalSection(ExtensibilityGlobals) = postSolution
		SolutionGuid = {B9DE2D39-FABD-4C39-9BD9-2CE08F94C474}
	EndGlobalSection
EndGlobal
